{
  "nodes": {
    "flake-parts": {
      "inputs": {
        "nixpkgs-lib": "nixpkgs-lib"
      },
      "locked": {
        "lastModified": 1765835352,
        "narHash": "sha256-XswHlK/Qtjasvhd1nOa1e8MgZ8GS//jBoTqWtrS1Giw=",
        "owner": "hercules-ci",
        "repo": "flake-parts",
        "rev": "a34fae9c08a15ad73f295041fec82323541400a9",
        "type": "github"
      },
      "original": {
        "owner": "hercules-ci",
        "repo": "flake-parts",
        "type": "github"
      }
    },
    "flake-utils": {
      "inputs": {
        "systems": "systems"
      },
      "locked": {
        "lastModified": 1731533236,
        "narHash": "sha256-l0KFg5HjrsfsO/JpG+r7fRrqm12kzFHyUHqHCVpMMbI=",
        "owner": "numtide",
        "repo": "flake-utils",
        "rev": "11707dc2f618dd54ca8739b309ec4fc024de578b",
        "type": "github"
      },
      "original": {
        "owner": "numtide",
        "repo": "flake-utils",
        "type": "github"
      }
    },
    "hs-bindgen": {
      "inputs": {
        "flake-parts": "flake-parts",
        "libclang-bindings-src": "libclang-bindings-src",
        "nixpkgs": "nixpkgs"
      },
      "locked": {
        "lastModified": 1767200888,
        "narHash": "sha256-bpTgTYtOECNHURjp2kxzjviGza6QgZPPl7HPNgFVqys=",
        "owner": "well-typed",
        "repo": "hs-bindgen",
        "rev": "5740bef322ad59e9efdc3e2cff78149566f9490d",
        "type": "github"
      },
      "original": {
        "owner": "well-typed",
        "repo": "hs-bindgen",
        "type": "github"
      }
    },
    "libclang-bindings-src": {
      "flake": false,
      "locked": {
        "lastModified": 1765293798,
        "narHash": "sha256-fZvyZo5emD1W5LwrIg2zTUYE9StRh3xF8TcuXjzKIAk=",
        "owner": "well-typed",
        "repo": "libclang",
        "rev": "b8305bd9c3e8e8f63d6f415553388be7f233ef45",
        "type": "github"
      },
      "original": {
        "owner": "well-typed",
        "repo": "libclang",
        "rev": "b8305bd9c3e8e8f63d6f415553388be7f233ef45",
        "type": "github"
      }
    },
    "nixpkgs": {
      "locked": {
        "lastModified": 1766410818,
        "narHash": "sha256-ruVneSx6wFy5PMw1ow3BE+znl653TJ6+eeNUj4B/9y8=",
        "owner": "NixOS",
        "repo": "nixpkgs",
        "rev": "3a7affa77a5a539afa1c7859e2c31abdb1aeadf3",
        "type": "github"
      },
      "original": {
        "owner": "NixOS",
        "ref": "nixpkgs-unstable",
        "repo": "nixpkgs",
        "type": "github"
      }
    },
    "nixpkgs-lib": {
      "locked": {
        "lastModified": 1765674936,
        "narHash": "sha256-k00uTP4JNfmejrCLJOwdObYC9jHRrr/5M/a/8L2EIdo=",
        "owner": "nix-community",
        "repo": "nixpkgs.lib",
        "rev": "2075416fcb47225d9b68ac469a5c4801a9c4dd85",
        "type": "github"
      },
      "original": {
        "owner": "nix-community",
        "repo": "nixpkgs.lib",
        "type": "github"
      }
    },
    "nixpkgs_2": {
      "locked": {
        "lastModified": 1766902085,
        "narHash": "sha256-coBu0ONtFzlwwVBzmjacUQwj3G+lybcZ1oeNSQkgC0M=",
        "owner": "NixOS",
        "repo": "nixpkgs",
        "rev": "c0b0e0fddf73fd517c3471e546c0df87a42d53f4",
        "type": "github"
      },
      "original": {
        "owner": "NixOS",
        "ref": "nixos-unstable",
        "repo": "nixpkgs",
        "type": "github"
      }
    },
    "root": {
      "inputs": {
        "flake-utils": "flake-utils",
        "hs-bindgen": "hs-bindgen",
        "nixpkgs": "nixpkgs_2"
      }
    },
    "systems": {
      "locked": {
        "lastModified": 1681028828,
        "narHash": "sha256-Vy1rq5AaRuLzOxct8nz4T6wlgyUR7zLU309k9mBC768=",
        "owner": "nix-systems",
        "repo": "default",
        "rev": "da67096a3b9bf56a91d16901293e51ba5b49a27e",
        "type": "github"
      },
      "original": {
        "owner": "nix-systems",
        "repo": "default",
        "type": "github"
      }
    }
  },
  "root": "root",
  "version": 7
}
